# THIS IS AN AUTOGENERATED FILE. DO NOT EDIT THIS FILE DIRECTLY.
# yarn lockfile v1


"@types/bun@latest":
  version "1.3.9"
  resolved "https://registry.yarnpkg.com/@types/bun/-/bun-1.3.9.tgz#a5ed80ea14d6d4197fa32b6e0a651a05b7143657"
  integrity sha512-KQ571yULOdWJiMH+RIWIOZ7B2RXQGpL1YQrBtLIV3FqDcCu6FsbFUBwhdKUlCKUpS3PJDsHlJ1QKlpxoVR+xtw==
  dependencies:
    bun-types "1.3.9"

"@types/node@*":
  version "25.3.1"
  resolved "https://registry.yarnpkg.com/@types/node/-/node-25.3.1.tgz#82f3f6e30ac3b48560a092d9224a975b5c24e38d"
  integrity sha512-hj9YIJimBCipHVfHKRMnvmHg+wfhKc0o4mTtXh9pKBjC8TLJzz0nzGmLi5UJsYAUgSvXFHgb0V2oY10DUFtImw==
  dependencies:
    undici-types "~7.18.0"

binary-search@^1.3.6:
  version "1.3.6"
  resolved "https://registry.yarnpkg.com/binary-search/-/binary-search-1.3.6.tgz#e32426016a0c5092f0f3598836a1c7da3560565c"
  integrity sha512-nbE1WxOTTrUWIfsfZ4aHGYu5DOuNkbxGokjV6Z2kxfJK3uaAb8zNK1muzOeipoLHZjInT4Br88BHpzevc681xA==

bun-types@1.3.9:
  version "1.3.9"
  resolved "https://registry.yarnpkg.com/bun-types/-/bun-types-1.3.9.tgz#2d009624e19b8c122472bc43dc770a7a9db09540"
  integrity sha512-+UBWWOakIP4Tswh0Bt0QD0alpTY8cb5hvgiYeWCMet9YukHbzuruIEeXC2D7nMJPB12kbh8C7XJykSexEqGKJg==
  dependencies:
    "@types/node" "*"

cheminfo-types@^1.10.0, cheminfo-types@^1.8.1:
  version "1.10.0"
  resolved "https://registry.yarnpkg.com/cheminfo-types/-/cheminfo-types-1.10.0.tgz#744062e45263ada489230c91a4941570b4179044"
  integrity sha512-lDoOWfctAQPQrrhydtdb2vV3S8RDuRNp62lzs/gIjNqMNubhsvqr+hI8XQJSy8X1ZXpGvzIQNGBYy4SVrKQNaQ==

fft.js@^4.0.4:
  version "4.0.4"
  resolved "https://registry.yarnpkg.com/fft.js/-/fft.js-4.0.4.tgz#ffed83a397e58039141c804c1dbe1910dced8e6e"
  integrity sha512-f9c00hphOgeQTlDyavwTtu6RiK8AIFjD6+jvXkNkpeQ7rirK3uFWVpalkoS4LAwbdX7mfZ8aoBfFVQX1Re/8aw==

is-any-array@^2.0.0, is-any-array@^2.0.1:
  version "2.0.1"
  resolved "https://registry.yarnpkg.com/is-any-array/-/is-any-array-2.0.1.tgz#9233242a9c098220290aa2ec28f82ca7fa79899e"
  integrity sha512-UtilS7hLRu++wb/WBAw9bNuP1Eg04Ivn1vERJck8zJthEvXCBEBpGR/33u/xLKWEQf95803oalHrVDptcAvFdQ==

linear-sum-assignment@^1.0.9:
  version "1.0.9"
  resolved "https://registry.yarnpkg.com/linear-sum-assignment/-/linear-sum-assignment-1.0.9.tgz#3d4bfa3d15f9308b5ce26272d6f179a40101b756"
  integrity sha512-1T2Ek3sxpt2mBHeBFMRJEikiIK/yIOwf+mrxv/DkAU/5ddnCMndZL//hFH7QuHa1tbaQADzsf9t7rkGZKqoFfQ==
  dependencies:
    cheminfo-types "^1.8.1"
    ml-matrix "^6.12.1"
    ml-spectra-processing "^14.18.0"

ml-array-max@^1.2.4:
  version "1.2.4"
  resolved "https://registry.yarnpkg.com/ml-array-max/-/ml-array-max-1.2.4.tgz#2373e2b7e51c8807e456cc0ef364c5863713623b"
  integrity sha512-BlEeg80jI0tW6WaPyGxf5Sa4sqvcyY6lbSn5Vcv44lp1I2GR6AWojfUvLnGTNsIXrZ8uqWmo8VcG1WpkI2ONMQ==
  dependencies:
    is-any-array "^2.0.0"

ml-array-min@^1.2.3:
  version "1.2.3"
  resolved "https://registry.yarnpkg.com/ml-array-min/-/ml-array-min-1.2.3.tgz#662f027c400105816b849cc3cd786915d0801495"
  integrity sha512-VcZ5f3VZ1iihtrGvgfh/q0XlMobG6GQ8FsNyQXD3T+IlstDv85g8kfV0xUG1QPRO/t21aukaJowDzMTc7j5V6Q==
  dependencies:
    is-any-array "^2.0.0"

ml-array-rescale@^1.3.7:
  version "1.3.7"
  resolved "https://registry.yarnpkg.com/ml-array-rescale/-/ml-array-rescale-1.3.7.tgz#c4d129320d113a732e62dd963dc1695bba9a5340"
  integrity sha512-48NGChTouvEo9KBctDfHC3udWnQKNKEWN0ziELvY3KG25GR5cA8K8wNVzracsqSW1QEkAXjTNx+ycgAv06/1mQ==
  dependencies:
    is-any-array "^2.0.0"
    ml-array-max "^1.2.4"
    ml-array-min "^1.2.3"

ml-matrix@^6.12.1:
  version "6.12.1"
  resolved "https://registry.yarnpkg.com/ml-matrix/-/ml-matrix-6.12.1.tgz#8fc99365f7294d27076f0ce405b589e1c04ca1b0"
  integrity sha512-TJ+8eOFdp+INvzR4zAuwBQJznDUfktMtOB6g/hUcGh3rcyjxbz4Te57Pgri8Q9bhSQ7Zys4IYOGhFdnlgeB6Lw==
  dependencies:
    is-any-array "^2.0.1"
    ml-array-rescale "^1.3.7"

ml-spectra-processing@^14.18.0:
  version "14.21.0"
  resolved "https://registry.yarnpkg.com/ml-spectra-processing/-/ml-spectra-processing-14.21.0.tgz#d9179c94c1208cac7c4098f1ebc6ed9a7f8b8110"
  integrity sha512-bF2hpO/kx1zUTlDoqXk4JIwBz6+lWg6OTVzwx3kNKS45/93OavUWybWAn1GOPoRazmt/VM5xfUXgmywnAtaCkw==
  dependencies:
    binary-search "^1.3.6"
    cheminfo-types "^1.10.0"
    fft.js "^4.0.4"
    is-any-array "^2.0.1"
    ml-matrix "^6.12.1"
    ml-xsadd "^3.0.1"

ml-xsadd@^3.0.1:
  version "3.0.1"
  resolved "https://registry.yarnpkg.com/ml-xsadd/-/ml-xsadd-3.0.1.tgz#0a959a246e784e906435e2b8d3960e95a0474e1e"
  integrity sha512-Fz2q6dwgzGM8wYKGArTUTZDGa4lQFA2Vi6orjGeTVRy22ZnQFKlJuwS9n8NRviqz1KHAHAzdKJwbnYhdo38uYg==

typescript@^5:
  version "5.9.3"
  resolved "https://registry.yarnpkg.com/typescript/-/typescript-5.9.3.tgz#5b4f59e15310ab17a216f5d6cf53ee476ede670f"
  integrity sha512-jl1vZzPDinLr9eUt3J/t7V6FgNEw9QjvBPdysz9KfQDD41fQrC2Y4vKQdiaUpFT4bXlb1RHhLpp8wtm6M5TgSw==

undici-types@~7.18.0:
  version "7.18.2"
  resolved "https://registry.yarnpkg.com/undici-types/-/undici-types-7.18.2.tgz#29357a89e7b7ca4aef3bf0fd3fd0cd73884229e9"
  integrity sha512-AsuCzffGHJybSaRrmr5eHr81mwJU3kjw6M+uprWvCXiNeN9SOGwQ3Jn8jb8m3Z6izVgknn1R0FTCEAP2QrLY/w==
